
Microsoft Visual Studio Solution File, Format Version 12.00
# Visual Studio 14
VisualStudioVersion = 14.0.25420.1
MinimumVisualStudioVersion = 10.0.40219.1
Project("{888888A0-9F3D-457C-B088-3A5042F75D52}") = "Matematiko_IronPython", "IPY_proj\Matematiko_IronPython.pyproj", "{153E9333-2B2A-48DC-BBB3-9D2A25357B52}"
EndProject
Project("{FAE04EC0-301F-11D3-BF4B-00C04F79EFBC}") = "MatematikoCountScores", "MatematikoCountScores\MatematikoCountScores.csproj", "{CA0E252A-4404-49A6-86E9-74E39D281B73}"
EndProject
Project("{FAE04EC0-301F-11D3-BF4B-00C04F79EFBC}") = "CountScoresTestProject", "CountScoresTestProject\CountScoresTestProject.csproj", "{067456C0-086C-46A8-B37F-1405717B7BFC}"
EndProject
Project("{888888A0-9F3D-457C-B088-3A5042F75D52}") = "IronPythonWPFDemo", "IronPythonWPFDemo\IronPythonWPFDemo.pyproj", "{D189D85A-4EBE-4D00-A125-EB58574FF151}"
EndProject
Global
	GlobalSection(SolutionConfigurationPlatforms) = preSolution
		Debug|Any CPU = Debug|Any CPU
		Release|Any CPU = Release|Any CPU
	EndGlobalSection
	GlobalSection(ProjectConfigurationPlatforms) = postSolution
		{153E9333-2B2A-48DC-BBB3-9D2A25357B52}.Debug|Any CPU.ActiveCfg = Debug|Any CPU
		{153E9333-2B2A-48DC-BBB3-9D2A25357B52}.Release|Any CPU.ActiveCfg = Release|Any CPU
		{CA0E252A-4404-49A6-86E9-74E39D281B73}.Debug|Any CPU.ActiveCfg = Debug|Any CPU
		{CA0E252A-4404-49A6-86E9-74E39D281B73}.Debug|Any CPU.Build.0 = Debug|Any CPU
		{CA0E252A-4404-49A6-86E9-74E39D281B73}.Release|Any CPU.ActiveCfg = Release|Any CPU
		{CA0E252A-4404-49A6-86E9-74E39D281B73}.Release|Any CPU.Build.0 = Release|Any CPU
		{067456C0-086C-46A8-B37F-1405717B7BFC}.Debug|Any CPU.ActiveCfg = Debug|Any CPU
		{067456C0-086C-46A8-B37F-1405717B7BFC}.Debug|Any CPU.Build.0 = Debug|Any CPU
		{067456C0-086C-46A8-B37F-1405717B7BFC}.Release|Any CPU.ActiveCfg = Release|Any CPU
		{067456C0-086C-46A8-B37F-1405717B7BFC}.Release|Any CPU.Build.0 = Release|Any CPU
		{D189D85A-4EBE-4D00-A125-EB58574FF151}.Debug|Any CPU.ActiveCfg = Debug|Any CPU
		{D189D85A-4EBE-4D00-A125-EB58574FF151}.Release|Any CPU.ActiveCfg = Release|Any CPU
	EndGlobalSection
	GlobalSection(SolutionProperties) = preSolution
		HideSolutionNode = FALSE
	EndGlobalSection
EndGlobal
